
Microsoft Visual Studio Solution File, Format Version 12.00
# Visual Studio Version 17
VisualStudioVersion = 17.4.33213.308
MinimumVisualStudioVersion = 10.0.40219.1
Project("{FAE04EC0-301F-11D3-BF4B-00C04F79EFBC}") = "ConsolePlay", "ConsolePlay\ConsolePlay.csproj", "{559D65AA-84DE-46C6-8E3C-B446F0A550CE}"
EndProject
Global
	GlobalSection(SolutionConfigurationPlatforms) = preSolution
		Debug|Any CPU = Debug|Any CPU
		Release|Any CPU = Release|Any CPU
	EndGlobalSection
	GlobalSection(ProjectConfigurationPlatforms) = postSolution
		{559D65AA-84DE-46C6-8E3C-B446F0A550CE}.Debug|Any CPU.ActiveCfg = Debug|Any CPU
		{559D65AA-84DE-46C6-8E3C-B446F0A550CE}.Debug|Any CPU.Build.0 = Debug|Any CPU
		{559D65AA-84DE-46C6-8E3C-B446F0A550CE}.Release|Any CPU.ActiveCfg = Release|Any CPU
		{559D65AA-84DE-46C6-8E3C-B446F0A550CE}.Release|Any CPU.Build.0 = Release|Any CPU
	EndGlobalSection
	GlobalSection(SolutionProperties) = preSolution
		HideSolutionNode = FALSE
	EndGlobalSection
	GlobalSection(ExtensibilityGlobals) = postSolution
		SolutionGuid = {D092E5C3-2413-4678-A19D-3B7BEB7F9BF8}
	EndGlobalSection
EndGlobal
